
Microsoft Visual Studio Solution File, Format Version 12.00
# Visual Studio Version 16
VisualStudioVersion = 16.0.30413.136
MinimumVisualStudioVersion = 10.0.40219.1
Project("{8BC9CEB8-8B4A-11D0-8D11-00A0C91BC942}") = "TrabajoFinalCPD", "TrabajoFinalCPD\TrabajoFinalCPD.vcxproj", "{598B8768-7F00-40C3-BDC1-DC0AF66F78E4}"
EndProject
Global
	GlobalSection(SolutionConfigurationPlatforms) = preSolution
		Debug|x64 = Debug|x64
		Debug|x86 = Debug|x86
		Release|x64 = Release|x64
		Release|x86 = Release|x86
	EndGlobalSection
	GlobalSection(ProjectConfigurationPlatforms) = postSolution
		{598B8768-7F00-40C3-BDC1-DC0AF66F78E4}.Debug|x64.ActiveCfg = Debug|x64
		{598B8768-7F00-40C3-BDC1-DC0AF66F78E4}.Debug|x64.Build.0 = Debug|x64
		{598B8768-7F00-40C3-BDC1-DC0AF66F78E4}.Debug|x86.ActiveCfg = Debug|Win32
		{598B8768-7F00-40C3-BDC1-DC0AF66F78E4}.Debug|x86.Build.0 = Debug|Win32
		{598B8768-7F00-40C3-BDC1-DC0AF66F78E4}.Release|x64.ActiveCfg = Release|x64
		{598B8768-7F00-40C3-BDC1-DC0AF66F78E4}.Release|x64.Build.0 = Release|x64
		{598B8768-7F00-40C3-BDC1-DC0AF66F78E4}.Release|x86.ActiveCfg = Release|Win32
		{598B8768-7F00-40C3-BDC1-DC0AF66F78E4}.Release|x86.Build.0 = Release|Win32
	EndGlobalSection
	GlobalSection(SolutionProperties) = preSolution
		HideSolutionNode = FALSE
	EndGlobalSection
	GlobalSection(ExtensibilityGlobals) = postSolution
		SolutionGuid = {3F9B64D7-6C38-4A89-9660-63C7BD5E2F8D}
	EndGlobalSection
EndGlobal
